{
  "name": "custom-server-express",
  "version": "1.0.0",
  "lockfileVersion": 1,
  "requires": true,
  "dependencies": {
    "@apollo/client": {
      "version": "3.3.19",
      "resolved": "https://npm.thinknet.co.th/@apollo%2fclient/-/client-3.3.19.tgz",
      "integrity": "sha512-vzljWLPP0GwocfBhUopzDCUwsiaNTtii1eu8qDybAXqwj4/ZhnIM46c6dNQmnVcJpAIFRIsNCOxM4OlMDySJug==",
      "requires": {
        "@graphql-typed-document-node/core": "^3.0.0",
        "@types/zen-observable": "^0.8.0",
        "@wry/context": "^0.6.0",
        "@wry/equality": "^0.4.0",
        "fast-json-stable-stringify": "^2.0.0",
        "graphql-tag": "^2.12.0",
        "hoist-non-react-statics": "^3.3.2",
        "optimism": "^0.16.0",
        "prop-types": "^15.7.2",
        "symbol-observable": "^2.0.0",
        "ts-invariant": "^0.7.0",
        "tslib": "^1.10.0",
        "zen-observable": "^0.8.14"
      }
    },
    "@graphql-typed-document-node/core": {
      "version": "3.1.0",
      "resolved": "https://npm.thinknet.co.th/@graphql-typed-document-node%2fcore/-/core-3.1.0.tgz",
      "integrity": "sha512-wYn6r8zVZyQJ6rQaALBEln5B1pzxb9shV5Ef97kTvn6yVGrqyXVnDqnU24MXnFubR+rZjBY9NWuxX3FB2sTsjg=="
    },
    "@types/zen-observable": {
      "version": "0.8.2",
      "resolved": "https://npm.thinknet.co.th/@types%2fzen-observable/-/zen-observable-0.8.2.tgz",
      "integrity": "sha512-HrCIVMLjE1MOozVoD86622S7aunluLb2PJdPfb3nYiEtohm8mIB/vyv0Fd37AdeMFrTUQXEunw78YloMA3Qilg=="
    },
    "@wry/context": {
      "version": "0.6.0",
      "resolved": "https://npm.thinknet.co.th/@wry%2fcontext/-/context-0.6.0.tgz",
      "integrity": "sha512-sAgendOXR8dM7stJw3FusRxFHF/ZinU0lffsA2YTyyIOfic86JX02qlPqPVqJNZJPAxFt+2EE8bvq6ZlS0Kf+Q==",
      "requires": {
        "tslib": "^2.1.0"
      },
      "dependencies": {
        "tslib": {
          "version": "2.2.0",
          "resolved": "https://npm.thinknet.co.th/tslib/-/tslib-2.2.0.tgz",
          "integrity": "sha512-gS9GVHRU+RGn5KQM2rllAlR3dU6m7AcpJKdtH8gFvQiC4Otgk98XnmMU+nZenHt/+VhnBPWwgrJsyrdcw6i23w=="
        }
      }
    },
    "@wry/equality": {
      "version": "0.4.0",
      "resolved": "https://npm.thinknet.co.th/@wry%2fequality/-/equality-0.4.0.tgz",
      "integrity": "sha512-DxN/uawWfhRbgYE55zVCPOoe+jvsQ4m7PT1Wlxjyb/LCCLuU1UsucV2BbCxFAX8bjcSueFBbB5Qfj1Zfe8e7Fw==",
      "requires": {
        "tslib": "^2.1.0"
      },
      "dependencies": {
        "tslib": {
          "version": "2.2.0",
          "resolved": "https://npm.thinknet.co.th/tslib/-/tslib-2.2.0.tgz",
          "integrity": "sha512-gS9GVHRU+RGn5KQM2rllAlR3dU6m7AcpJKdtH8gFvQiC4Otgk98XnmMU+nZenHt/+VhnBPWwgrJsyrdcw6i23w=="
        }
      }
    },
    "@wry/trie": {
      "version": "0.3.0",
      "resolved": "https://npm.thinknet.co.th/@wry%2ftrie/-/trie-0.3.0.tgz",
      "integrity": "sha512-Yw1akIogPhAT6XPYsRHlZZIS0tIGmAl9EYXHi2scf7LPKKqdqmow/Hu4kEqP2cJR3EjaU/9L0ZlAjFf3hFxmug==",
      "requires": {
        "tslib": "^2.1.0"
      },
      "dependencies": {
        "tslib": {
          "version": "2.2.0",
          "resolved": "https://npm.thinknet.co.th/tslib/-/tslib-2.2.0.tgz",
          "integrity": "sha512-gS9GVHRU+RGn5KQM2rllAlR3dU6m7AcpJKdtH8gFvQiC4Otgk98XnmMU+nZenHt/+VhnBPWwgrJsyrdcw6i23w=="
        }
      }
    },
    "accepts": {
      "version": "1.3.7",
      "resolved": "https://npm.thinknet.co.th/accepts/-/accepts-1.3.7.tgz",
      "integrity": "sha512-Il80Qs2WjYlJIBNzNkK6KYqlVMTbZLXgHx2oT0pU/fjRHyEp+PEfEPY0R3WCwAGVOtauxh1hOxNgIf5bv7dQpA==",
      "requires": {
        "mime-types": "~2.1.24",
        "negotiator": "0.6.2"
      }
    },
    "array-flatten": {
      "version": "1.1.1",
      "resolved": "https://npm.thinknet.co.th/array-flatten/-/array-flatten-1.1.1.tgz",
      "integrity": "sha1-ml9pkFGx5wczKPKgCJaLZOopVdI="
    },
    "bytes": {
      "version": "3.1.0",
      "resolved": "https://npm.thinknet.co.th/bytes/-/bytes-3.1.0.tgz",
      "integrity": "sha512-zauLjrfCG+xvoyaqLoV8bLVXXNGC4JqlxFCutSDWA6fJrTo2ZuvLYTqZ7aHBLZSMOopbzwv8f+wZcVzfVTI2Dg=="
    },
    "content-disposition": {
      "version": "0.5.3",
      "resolved": "https://npm.thinknet.co.th/content-disposition/-/content-disposition-0.5.3.tgz",
      "integrity": "sha512-ExO0774ikEObIAEV9kDo50o+79VCUdEB6n6lzKgGwupcVeRlhrj3qGAfwq8G6uBJjkqLrhT0qEYFcWng8z1z0g==",
      "requires": {
        "safe-buffer": "5.1.2"
      },
      "dependencies": {
        "safe-buffer": {
          "version": "5.1.2",
          "resolved": "https://npm.thinknet.co.th/safe-buffer/-/safe-buffer-5.1.2.tgz",
          "integrity": "sha512-Gd2UZBJDkXlY7GbJxfsE8/nvKkUEU1G38c1siN6QP6a9PT9MmHB8GnpscSmMJSoF8LOIrt8ud/wPtojys4G6+g=="
        }
      }
    },
    "content-type": {
      "version": "1.0.4",
      "resolved": "https://npm.thinknet.co.th/content-type/-/content-type-1.0.4.tgz",
      "integrity": "sha512-hIP3EEPs8tB9AT1L+NUqtwOAps4mk2Zob89MWXMHjHWg9milF/j4osnnQLXBCBFBk/tvIG/tUc9mOUJiPBhPXA=="
    },
    "cookie": {
      "version": "0.4.0",
      "resolved": "https://npm.thinknet.co.th/cookie/-/cookie-0.4.0.tgz",
      "integrity": "sha512-+Hp8fLp57wnUSt0tY0tHEXh4voZRDnoIrZPqlo3DPiI4y9lwg/jqx+1Om94/W6ZaPDOUbnjOt/99w66zk+l1Xg=="
    },
    "cookie-signature": {
      "version": "1.0.6",
      "resolved": "https://npm.thinknet.co.th/cookie-signature/-/cookie-signature-1.0.6.tgz",
      "integrity": "sha1-4wOogrNCzD7oylE6eZmXNNqzriw="
    },
    "cross-env": {
      "version": "7.0.3",
      "requires": {
        "cross-spawn": "^7.0.1"
      }
    },
    "cross-spawn": {
      "version": "7.0.3",
      "resolved": "https://npm.thinknet.co.th/cross-spawn/-/cross-spawn-7.0.3.tgz",
      "integrity": "sha512-iRDPJKUPVEND7dHPO8rkbOnPpyDygcDFtWjpeWNCgy8WP2rXcxXL8TskReQl6OrB2G7+UJrags1q15Fudc7G6w==",
      "requires": {
        "path-key": "^3.1.0",
        "shebang-command": "^2.0.0",
        "which": "^2.0.1"
      }
    },
    "debug": {
      "version": "2.6.9",
      "resolved": "https://npm.thinknet.co.th/debug/-/debug-2.6.9.tgz",
      "integrity": "sha512-bC7ElrdJaJnPbAP+1EotYvqZsb3ecl5wi6Bfi6BJTUcNowp6cvspg0jXznRTKDjm/E7AdgFBVeAPVMNcKGsHMA==",
      "requires": {
        "ms": "2.0.0"
      }
    },
    "depd": {
      "version": "1.1.2",
      "resolved": "https://npm.thinknet.co.th/depd/-/depd-1.1.2.tgz",
      "integrity": "sha1-m81S4UwJd2PnSbJ0xDRu0uVgtak="
    },
    "destroy": {
      "version": "1.0.4",
      "resolved": "https://npm.thinknet.co.th/destroy/-/destroy-1.0.4.tgz",
      "integrity": "sha1-l4hXRCxEdJ5CBmE+N5RiBYJqvYA="
    },
    "ee-first": {
      "version": "1.1.1",
      "resolved": "https://npm.thinknet.co.th/ee-first/-/ee-first-1.1.1.tgz",
      "integrity": "sha1-WQxhFWsK4vTwJVcyoViyZrxWsh0="
    },
    "encodeurl": {
      "version": "1.0.2",
      "resolved": "https://npm.thinknet.co.th/encodeurl/-/encodeurl-1.0.2.tgz",
      "integrity": "sha1-rT/0yG7C0CkyL1oCw6mmBslbP1k="
    },
    "escape-html": {
      "version": "1.0.3",
      "resolved": "https://npm.thinknet.co.th/escape-html/-/escape-html-1.0.3.tgz",
      "integrity": "sha1-Aljq5NPQwJdN4cFpGI7wBR0dGYg="
    },
    "etag": {
      "version": "1.8.1",
      "resolved": "https://npm.thinknet.co.th/etag/-/etag-1.8.1.tgz",
      "integrity": "sha1-Qa4u62XvpiJorr/qg6x9eSmbCIc="
    },
    "express": {
      "version": "4.17.1",
      "requires": {
        "accepts": "~1.3.7",
        "array-flatten": "1.1.1",
        "body-parser": "1.19.0",
        "content-disposition": "0.5.3",
        "content-type": "~1.0.4",
        "cookie": "0.4.0",
        "cookie-signature": "1.0.6",
        "debug": "2.6.9",
        "depd": "~1.1.2",
        "encodeurl": "~1.0.2",
        "escape-html": "~1.0.3",
        "etag": "~1.8.1",
        "finalhandler": "~1.1.2",
        "fresh": "0.5.2",
        "merge-descriptors": "1.0.1",
        "methods": "~1.1.2",
        "on-finished": "~2.3.0",
        "parseurl": "~1.3.3",
        "path-to-regexp": "0.1.7",
        "proxy-addr": "~2.0.5",
        "qs": "6.7.0",
        "range-parser": "~1.2.1",
        "safe-buffer": "5.1.2",
        "send": "0.17.1",
        "serve-static": "1.14.1",
        "setprototypeof": "1.1.1",
        "statuses": "~1.5.0",
        "type-is": "~1.6.18",
        "utils-merge": "1.0.1",
        "vary": "~1.1.2"
      },
      "dependencies": {
        "body-parser": {
          "version": "1.19.0",
          "resolved": "https://npm.thinknet.co.th/body-parser/-/body-parser-1.19.0.tgz",
          "integrity": "sha512-dhEPs72UPbDnAQJ9ZKMNTP6ptJaionhP5cBb541nXPlW60Jepo9RV/a4fX4XWW9CuFNK22krhrj1+rgzifNCsw==",
          "requires": {
            "bytes": "3.1.0",
            "content-type": "~1.0.4",
            "debug": "2.6.9",
            "depd": "~1.1.2",
            "http-errors": "1.7.2",
            "iconv-lite": "0.4.24",
            "on-finished": "~2.3.0",
            "qs": "6.7.0",
            "raw-body": "2.4.0",
            "type-is": "~1.6.17"
          }
        },
        "safe-buffer": {
          "version": "5.1.2",
          "resolved": "https://npm.thinknet.co.th/safe-buffer/-/safe-buffer-5.1.2.tgz",
          "integrity": "sha512-Gd2UZBJDkXlY7GbJxfsE8/nvKkUEU1G38c1siN6QP6a9PT9MmHB8GnpscSmMJSoF8LOIrt8ud/wPtojys4G6+g=="
        }
      }
    },
    "fast-json-stable-stringify": {
      "version": "2.1.0",
      "resolved": "https://npm.thinknet.co.th/fast-json-stable-stringify/-/fast-json-stable-stringify-2.1.0.tgz",
      "integrity": "sha512-lhd/wF+Lk98HZoTCtlVraHtfh5XYijIjalXck7saUtuanSDyLMxnHhSXEDJqHxD7msR8D0uCmqlkwjCV8xvwHw=="
    },
    "finalhandler": {
      "version": "1.1.2",
      "resolved": "https://npm.thinknet.co.th/finalhandler/-/finalhandler-1.1.2.tgz",
      "integrity": "sha512-aAWcW57uxVNrQZqFXjITpW3sIUQmHGG3qSb9mUah9MgMC4NeWhNOlNjXEYq3HjRAvL6arUviZGGJsBg6z0zsWA==",
      "requires": {
        "debug": "2.6.9",
        "encodeurl": "~1.0.2",
        "escape-html": "~1.0.3",
        "on-finished": "~2.3.0",
        "parseurl": "~1.3.3",
        "statuses": "~1.5.0",
        "unpipe": "~1.0.0"
      }
    },
    "forwarded": {
      "version": "0.1.2",
      "resolved": "https://npm.thinknet.co.th/forwarded/-/forwarded-0.1.2.tgz",
      "integrity": "sha1-mMI9qxF1ZXuMBXPozszZGw/xjIQ="
    },
    "fresh": {
      "version": "0.5.2",
      "resolved": "https://npm.thinknet.co.th/fresh/-/fresh-0.5.2.tgz",
      "integrity": "sha1-PYyt2Q2XZWn6g1qx+OSyOhBWBac="
    },
    "graphql": {
      "version": "15.5.0",
      "resolved": "https://npm.thinknet.co.th/graphql/-/graphql-15.5.0.tgz",
      "integrity": "sha512-OmaM7y0kaK31NKG31q4YbD2beNYa6jBBKtMFT6gLYJljHLJr42IqJ8KX08u3Li/0ifzTU5HjmoOOrwa5BRLeDA=="
    },
    "graphql-tag": {
      "version": "2.12.4",
      "resolved": "https://npm.thinknet.co.th/graphql-tag/-/graphql-tag-2.12.4.tgz",
      "integrity": "sha512-VV1U4O+9x99EkNpNmCUV5RZwq6MnK4+pGbRYWG+lA/m3uo7TSqJF81OkcOP148gFP6fzdl7JWYBrwWVTS9jXww==",
      "requires": {
        "tslib": "^2.1.0"
      },
      "dependencies": {
        "tslib": {
          "version": "2.2.0",
          "resolved": "https://npm.thinknet.co.th/tslib/-/tslib-2.2.0.tgz",
          "integrity": "sha512-gS9GVHRU+RGn5KQM2rllAlR3dU6m7AcpJKdtH8gFvQiC4Otgk98XnmMU+nZenHt/+VhnBPWwgrJsyrdcw6i23w=="
        }
      }
    },
    "hoist-non-react-statics": {
      "version": "3.3.2",
      "resolved": "https://npm.thinknet.co.th/hoist-non-react-statics/-/hoist-non-react-statics-3.3.2.tgz",
      "integrity": "sha512-/gGivxi8JPKWNm/W0jSmzcMPpfpPLc3dY/6GxhX2hQ9iGj3aDfklV4ET7NjKpSinLpJ5vafa9iiGIEZg10SfBw==",
      "requires": {
        "react-is": "^16.7.0"
      }
    },
    "http-errors": {
      "version": "1.7.2",
      "resolved": "https://npm.thinknet.co.th/http-errors/-/http-errors-1.7.2.tgz",
      "integrity": "sha512-uUQBt3H/cSIVfch6i1EuPNy/YsRSOUBXTVfZ+yR7Zjez3qjBz6i9+i4zjNaoqcoFVI4lQJ5plg63TvGfRSDCRg==",
      "requires": {
        "depd": "~1.1.2",
        "inherits": "2.0.3",
        "setprototypeof": "1.1.1",
        "statuses": ">= 1.5.0 < 2",
        "toidentifier": "1.0.0"
      },
      "dependencies": {
        "inherits": {
          "version": "2.0.3",
          "resolved": "https://npm.thinknet.co.th/inherits/-/inherits-2.0.3.tgz",
          "integrity": "sha1-Yzwsg+PaQqUC9SRmAiSA9CCCYd4="
        }
      }
    },
    "iconv-lite": {
      "version": "0.4.24",
      "resolved": "https://npm.thinknet.co.th/iconv-lite/-/iconv-lite-0.4.24.tgz",
      "integrity": "sha512-v3MXnZAcvnywkTUEZomIActle7RXXeedOR31wwl7VlyoXO4Qi9arvSenNQWne1TcRwhCL1HwLI21bEqdpj8/rA==",
      "requires": {
        "safer-buffer": ">= 2.1.2 < 3"
      }
    },
    "ipaddr.js": {
      "version": "1.9.1",
      "resolved": "https://npm.thinknet.co.th/ipaddr.js/-/ipaddr.js-1.9.1.tgz",
      "integrity": "sha512-0KI/607xoxSToH7GjN1FfSbLoU0+btTicjsQSWQlh/hZykN8KpmMf7uYwPW3R+akZ6R/w18ZlXSHBYXiYUPO3g=="
    },
    "isexe": {
      "version": "2.0.0",
      "resolved": "https://npm.thinknet.co.th/isexe/-/isexe-2.0.0.tgz",
      "integrity": "sha1-6PvzdNxVb/iUehDcsFctYz8s+hA="
    },
    "js-tokens": {
      "version": "4.0.0",
      "resolved": "https://npm.thinknet.co.th/js-tokens/-/js-tokens-4.0.0.tgz",
      "integrity": "sha512-RdJUflcE3cUzKiMqQgsCu06FPu9UdIJO0beYbPhHN4k6apgJtifcoCtT9bcxOpYBtpD2kCM6Sbzg4CausW/PKQ=="
    },
    "loose-envify": {
      "version": "1.4.0",
      "resolved": "https://npm.thinknet.co.th/loose-envify/-/loose-envify-1.4.0.tgz",
      "integrity": "sha512-lyuxPGr/Wfhrlem2CL/UcnUc1zcqKAImBDzukY7Y5F/yQiNdko6+fRLevlw1HgMySw7f611UIY408EtxRSoK3Q==",
      "requires": {
        "js-tokens": "^3.0.0 || ^4.0.0"
      }
    },
    "media-typer": {
      "version": "0.3.0",
      "resolved": "https://npm.thinknet.co.th/media-typer/-/media-typer-0.3.0.tgz",
      "integrity": "sha1-hxDXrwqmJvj/+hzgAWhUUmMlV0g="
    },
    "merge-descriptors": {
      "version": "1.0.1",
      "resolved": "https://npm.thinknet.co.th/merge-descriptors/-/merge-descriptors-1.0.1.tgz",
      "integrity": "sha1-sAqqVW3YtEVoFQ7J0blT8/kMu2E="
    },
    "methods": {
      "version": "1.1.2",
      "resolved": "https://npm.thinknet.co.th/methods/-/methods-1.1.2.tgz",
      "integrity": "sha1-VSmk1nZUE07cxSZmVoNbD4Ua/O4="
    },
    "mime": {
      "version": "1.6.0",
      "resolved": "https://npm.thinknet.co.th/mime/-/mime-1.6.0.tgz",
      "integrity": "sha512-x0Vn8spI+wuJ1O6S7gnbaQg8Pxh4NNHb7KSINmEWKiPE4RKOplvijn+NkmYmmRgP68mc70j2EbeTFRsrswaQeg=="
    },
    "mime-db": {
      "version": "1.47.0",
      "resolved": "https://npm.thinknet.co.th/mime-db/-/mime-db-1.47.0.tgz",
      "integrity": "sha512-QBmA/G2y+IfeS4oktet3qRZ+P5kPhCKRXxXnQEudYqUaEioAU1/Lq2us3D/t1Jfo4hE9REQPrbB7K5sOczJVIw=="
    },
    "mime-types": {
      "version": "2.1.30",
      "resolved": "https://npm.thinknet.co.th/mime-types/-/mime-types-2.1.30.tgz",
      "integrity": "sha512-crmjA4bLtR8m9qLpHvgxSChT+XoSlZi8J4n/aIdn3z92e/U47Z0V/yl+Wh9W046GgFVAmoNR/fmdbZYcSSIUeg==",
      "requires": {
        "mime-db": "1.47.0"
      }
    },
    "ms": {
      "version": "2.0.0",
      "resolved": "https://npm.thinknet.co.th/ms/-/ms-2.0.0.tgz",
      "integrity": "sha1-VgiurfwAvmwpAd9fmGF4jeDVl8g="
    },
    "negotiator": {
      "version": "0.6.2",
      "resolved": "https://npm.thinknet.co.th/negotiator/-/negotiator-0.6.2.tgz",
      "integrity": "sha512-hZXc7K2e+PgeI1eDBe/10Ard4ekbfrrqG8Ep+8Jmf4JID2bNg7NvCPOZN+kfF574pFQI7mum2AUqDidoKqcTOw=="
    },
    "object-assign": {
      "version": "4.1.1",
      "resolved": "https://npm.thinknet.co.th/object-assign/-/object-assign-4.1.1.tgz",
      "integrity": "sha1-IQmtx5ZYh8/AXLvUQsrIv7s2CGM="
    },
    "on-finished": {
      "version": "2.3.0",
      "resolved": "https://npm.thinknet.co.th/on-finished/-/on-finished-2.3.0.tgz",
      "integrity": "sha1-IPEzZIGwg811M3mSoWlxqi2QaUc=",
      "requires": {
        "ee-first": "1.1.1"
      }
    },
    "optimism": {
      "version": "0.16.1",
      "resolved": "https://npm.thinknet.co.th/optimism/-/optimism-0.16.1.tgz",
      "integrity": "sha512-64i+Uw3otrndfq5kaoGNoY7pvOhSsjFEN4bdEFh80MWVk/dbgJfMv7VFDeCT8LxNAlEVhQmdVEbfE7X2nWNIIg==",
      "requires": {
        "@wry/context": "^0.6.0",
        "@wry/trie": "^0.3.0"
      }
    },
    "parseurl": {
      "version": "1.3.3",
      "resolved": "https://npm.thinknet.co.th/parseurl/-/parseurl-1.3.3.tgz",
      "integrity": "sha512-CiyeOxFT/JZyN5m0z9PfXw4SCBJ6Sygz1Dpl0wqjlhDEGGBP1GnsUVEL0p63hoG1fcj3fHynXi9NYO4nWOL+qQ=="
    },
    "path-key": {
      "version": "3.1.1",
      "resolved": "https://npm.thinknet.co.th/path-key/-/path-key-3.1.1.tgz",
      "integrity": "sha512-ojmeN0qd+y0jszEtoY48r0Peq5dwMEkIlCOu6Q5f41lfkswXuKtYrhgoTpLnyIcHm24Uhqx+5Tqm2InSwLhE6Q=="
    },
    "path-to-regexp": {
      "version": "0.1.7",
      "resolved": "https://npm.thinknet.co.th/path-to-regexp/-/path-to-regexp-0.1.7.tgz",
      "integrity": "sha1-32BBeABfUi8V60SQ5yR6G/qmf4w="
    },
    "prop-types": {
      "version": "15.7.2",
      "resolved": "https://npm.thinknet.co.th/prop-types/-/prop-types-15.7.2.tgz",
      "integrity": "sha512-8QQikdH7//R2vurIJSutZ1smHYTcLpRWEOlHnzcWHmBYrOGUysKwSsrC89BCiFj3CbrfJ/nXFdJepOVrY1GCHQ==",
      "requires": {
        "loose-envify": "^1.4.0",
        "object-assign": "^4.1.1",
        "react-is": "^16.8.1"
      }
    },
    "proxy-addr": {
      "version": "2.0.6",
      "resolved": "https://npm.thinknet.co.th/proxy-addr/-/proxy-addr-2.0.6.tgz",
      "integrity": "sha512-dh/frvCBVmSsDYzw6n926jv974gddhkFPfiN8hPOi30Wax25QZyZEGveluCgliBnqmuM+UJmBErbAUFIoDbjOw==",
      "requires": {
        "forwarded": "~0.1.2",
        "ipaddr.js": "1.9.1"
      }
    },
    "qs": {
      "version": "6.7.0",
      "resolved": "https://npm.thinknet.co.th/qs/-/qs-6.7.0.tgz",
      "integrity": "sha512-VCdBRNFTX1fyE7Nb6FYoURo/SPe62QCaAyzJvUjwRaIsc+NePBEniHlvxFmmX56+HZphIGtV0XeCirBtpDrTyQ=="
    },
    "range-parser": {
      "version": "1.2.1",
      "resolved": "https://npm.thinknet.co.th/range-parser/-/range-parser-1.2.1.tgz",
      "integrity": "sha512-Hrgsx+orqoygnmhFbKaHE6c296J+HTAQXoxEF6gNupROmmGJRoyzfG3ccAveqCBrwr/2yxQ5BVd/GTl5agOwSg=="
    },
    "raw-body": {
      "version": "2.4.0",
      "resolved": "https://npm.thinknet.co.th/raw-body/-/raw-body-2.4.0.tgz",
      "integrity": "sha512-4Oz8DUIwdvoa5qMJelxipzi/iJIi40O5cGV1wNYp5hvZP8ZN0T+jiNkL0QepXs+EsQ9XJ8ipEDoiH70ySUJP3Q==",
      "requires": {
        "bytes": "3.1.0",
        "http-errors": "1.7.2",
        "iconv-lite": "0.4.24",
        "unpipe": "1.0.0"
      }
    },
    "react": {
      "version": "16.14.0",
      "requires": {
        "loose-envify": "^1.1.0",
        "object-assign": "^4.1.1",
        "prop-types": "^15.6.2"
      }
    },
    "react-dom": {
      "version": "16.14.0",
      "requires": {
        "loose-envify": "^1.1.0",
        "object-assign": "^4.1.1",
        "prop-types": "^15.6.2",
        "scheduler": "^0.19.1"
      }
    },
    "react-is": {
      "version": "16.13.1",
      "resolved": "https://npm.thinknet.co.th/react-is/-/react-is-16.13.1.tgz",
      "integrity": "sha512-24e6ynE2H+OKt4kqsOvNd8kBpV65zoxbA4BVsEOB3ARVWQki/DHzaUoC5KuON/BiccDaCCTZBuOcfZs70kR8bQ=="
    },
    "safer-buffer": {
      "version": "2.1.2",
      "resolved": "https://npm.thinknet.co.th/safer-buffer/-/safer-buffer-2.1.2.tgz",
      "integrity": "sha512-YZo3K82SD7Riyi0E1EQPojLz7kpepnSQI9IyPbHHg1XXXevb5dJI7tpyN2ADxGcQbHG7vcyRHk0cbwqcQriUtg=="
    },
    "scheduler": {
      "version": "0.19.1",
      "resolved": "https://npm.thinknet.co.th/scheduler/-/scheduler-0.19.1.tgz",
      "integrity": "sha512-n/zwRWRYSUj0/3g/otKDRPMh6qv2SYMWNq85IEa8iZyAv8od9zDYpGSnpBEjNgcMNq6Scbu5KfIPxNF72R/2EA==",
      "requires": {
        "loose-envify": "^1.1.0",
        "object-assign": "^4.1.1"
      }
    },
    "send": {
      "version": "0.17.1",
      "resolved": "https://npm.thinknet.co.th/send/-/send-0.17.1.tgz",
      "integrity": "sha512-BsVKsiGcQMFwT8UxypobUKyv7irCNRHk1T0G680vk88yf6LBByGcZJOTJCrTP2xVN6yI+XjPJcNuE3V4fT9sAg==",
      "requires": {
        "debug": "2.6.9",
        "depd": "~1.1.2",
        "destroy": "~1.0.4",
        "encodeurl": "~1.0.2",
        "escape-html": "~1.0.3",
        "etag": "~1.8.1",
        "fresh": "0.5.2",
        "http-errors": "~1.7.2",
        "mime": "1.6.0",
        "ms": "2.1.1",
        "on-finished": "~2.3.0",
        "range-parser": "~1.2.1",
        "statuses": "~1.5.0"
      },
      "dependencies": {
        "ms": {
          "version": "2.1.1",
          "resolved": "https://npm.thinknet.co.th/ms/-/ms-2.1.1.tgz",
          "integrity": "sha512-tgp+dl5cGk28utYktBsrFqA7HKgrhgPsg6Z/EfhWI4gl1Hwq8B/GmY/0oXZ6nF8hDVesS/FpnYaD/kOWhYQvyg=="
        }
      }
    },
    "serve-static": {
      "version": "1.14.1",
      "resolved": "https://npm.thinknet.co.th/serve-static/-/serve-static-1.14.1.tgz",
      "integrity": "sha512-JMrvUwE54emCYWlTI+hGrGv5I8dEwmco/00EvkzIIsR7MqrHonbD9pO2MOfFnpFntl7ecpZs+3mW+XbQZu9QCg==",
      "requires": {
        "encodeurl": "~1.0.2",
        "escape-html": "~1.0.3",
        "parseurl": "~1.3.3",
        "send": "0.17.1"
      }
    },
    "setprototypeof": {
      "version": "1.1.1",
      "resolved": "https://npm.thinknet.co.th/setprototypeof/-/setprototypeof-1.1.1.tgz",
      "integrity": "sha512-JvdAWfbXeIGaZ9cILp38HntZSFSo3mWg6xGcJJsd+d4aRMOqauag1C63dJfDw7OaMYwEbHMOxEZ1lqVRYP2OAw=="
    },
    "shebang-command": {
      "version": "2.0.0",
      "resolved": "https://npm.thinknet.co.th/shebang-command/-/shebang-command-2.0.0.tgz",
      "integrity": "sha512-kHxr2zZpYtdmrN1qDjrrX/Z1rR1kG8Dx+gkpK1G4eXmvXswmcE1hTWBWYUzlraYw1/yZp6YuDY77YtvbN0dmDA==",
      "requires": {
        "shebang-regex": "^3.0.0"
      }
    },
    "shebang-regex": {
      "version": "3.0.0",
      "resolved": "https://npm.thinknet.co.th/shebang-regex/-/shebang-regex-3.0.0.tgz",
      "integrity": "sha512-7++dFhtcx3353uBaq8DDR4NuxBetBzC7ZQOhmTQInHEd6bSrXdiEyzCvG07Z44UYdLShWUyXt5M/yhz8ekcb1A=="
    },
    "statuses": {
      "version": "1.5.0",
      "resolved": "https://npm.thinknet.co.th/statuses/-/statuses-1.5.0.tgz",
      "integrity": "sha1-Fhx9rBd2Wf2YEfQ3cfqZOBR4Yow="
    },
    "symbol-observable": {
      "version": "2.0.3",
      "resolved": "https://npm.thinknet.co.th/symbol-observable/-/symbol-observable-2.0.3.tgz",
      "integrity": "sha512-sQV7phh2WCYAn81oAkakC5qjq2Ml0g8ozqz03wOGnx9dDlG1de6yrF+0RAzSJD8fPUow3PTSMf2SAbOGxb93BA=="
    },
    "toidentifier": {
      "version": "1.0.0",
      "resolved": "https://npm.thinknet.co.th/toidentifier/-/toidentifier-1.0.0.tgz",
      "integrity": "sha512-yaOH/Pk/VEhBWWTlhI+qXxDFXlejDGcQipMlyxda9nthulaxLZUNcUqFxokp0vcYnvteJln5FNQDRrxj3YcbVw=="
    },
    "ts-invariant": {
      "version": "0.7.3",
      "resolved": "https://npm.thinknet.co.th/ts-invariant/-/ts-invariant-0.7.3.tgz",
      "integrity": "sha512-UWDDeovyUTIMWj+45g5nhnl+8oo+GhxL5leTaHn5c8FkQWfh8v66gccLd2/YzVmV5hoQUjCEjhrXnQqVDJdvKA==",
      "requires": {
        "tslib": "^2.1.0"
      },
      "dependencies": {
        "tslib": {
          "version": "2.2.0",
          "resolved": "https://npm.thinknet.co.th/tslib/-/tslib-2.2.0.tgz",
          "integrity": "sha512-gS9GVHRU+RGn5KQM2rllAlR3dU6m7AcpJKdtH8gFvQiC4Otgk98XnmMU+nZenHt/+VhnBPWwgrJsyrdcw6i23w=="
        }
      }
    },
    "tslib": {
      "version": "1.14.1",
      "resolved": "https://npm.thinknet.co.th/tslib/-/tslib-1.14.1.tgz",
      "integrity": "sha512-Xni35NKzjgMrwevysHTCArtLDpPvye8zV/0E4EyYn43P7/7qvQwPh9BGkHewbMulVntbigmcT7rdX3BNo9wRJg=="
    },
    "type-is": {
      "version": "1.6.18",
      "resolved": "https://npm.thinknet.co.th/type-is/-/type-is-1.6.18.tgz",
      "integrity": "sha512-TkRKr9sUTxEH8MdfuCSP7VizJyzRNMjj2J2do2Jr3Kym598JVdEksuzPQCnlFPW4ky9Q+iA+ma9BGm06XQBy8g==",
      "requires": {
        "media-typer": "0.3.0",
        "mime-types": "~2.1.24"
      }
    },
    "unpipe": {
      "version": "1.0.0",
      "resolved": "https://npm.thinknet.co.th/unpipe/-/unpipe-1.0.0.tgz",
      "integrity": "sha1-sr9O6FFKrmFltIF4KdIbLvSZBOw="
    },
    "utils-merge": {
      "version": "1.0.1",
      "resolved": "https://npm.thinknet.co.th/utils-merge/-/utils-merge-1.0.1.tgz",
      "integrity": "sha1-n5VxD1CiZ5R7LMwSR0HBAoQn5xM="
    },
    "vary": {
      "version": "1.1.2",
      "resolved": "https://npm.thinknet.co.th/vary/-/vary-1.1.2.tgz",
      "integrity": "sha1-IpnwLG3tMNSllhsLn3RSShj2NPw="
    },
    "which": {
      "version": "2.0.2",
      "resolved": "https://npm.thinknet.co.th/which/-/which-2.0.2.tgz",
      "integrity": "sha512-BLI3Tl1TW3Pvl70l3yq3Y64i+awpwXqsGBYWkkqMtnbXgrMD+yj7rhW0kuEDxzJaYXGjEW5ogapKNMEKNMjibA==",
      "requires": {
        "isexe": "^2.0.0"
      }
    },
    "zen-observable": {
      "version": "0.8.15",
      "resolved": "https://npm.thinknet.co.th/zen-observable/-/zen-observable-0.8.15.tgz",
      "integrity": "sha512-PQ2PC7R9rslx84ndNBZB/Dkv8V8fZEpk83RLgXtYd0fwUgEjseMn1Dgajh2x6S8QbZAFa9p2qVCEuYZNgve0dQ=="
    }
  }
}
